
Microsoft Visual Studio Solution File, Format Version 12.00
# Visual Studio Version 17
VisualStudioVersion = 17.8.34322.80
MinimumVisualStudioVersion = 10.0.40219.1
Project("{FAE04EC0-301F-11D3-BF4B-00C04F79EFBC}") = "Slector de cores", "Slector de cores\Slector de cores.csproj", "{8DDBB465-ED4B-44B3-91D8-18C8AFF432AF}"
EndProject
Global
	GlobalSection(SolutionConfigurationPlatforms) = preSolution
		Debug|Any CPU = Debug|Any CPU
		Release|Any CPU = Release|Any CPU
	EndGlobalSection
	GlobalSection(ProjectConfigurationPlatforms) = postSolution
		{8DDBB465-ED4B-44B3-91D8-18C8AFF432AF}.Debug|Any CPU.ActiveCfg = Debug|Any CPU
		{8DDBB465-ED4B-44B3-91D8-18C8AFF432AF}.Debug|Any CPU.Build.0 = Debug|Any CPU
		{8DDBB465-ED4B-44B3-91D8-18C8AFF432AF}.Release|Any CPU.ActiveCfg = Release|Any CPU
		{8DDBB465-ED4B-44B3-91D8-18C8AFF432AF}.Release|Any CPU.Build.0 = Release|Any CPU
	EndGlobalSection
	GlobalSection(SolutionProperties) = preSolution
		HideSolutionNode = FALSE
	EndGlobalSection
	GlobalSection(ExtensibilityGlobals) = postSolution
		SolutionGuid = {2DA35050-E9CE-4372-AB9E-9D06EB03BD75}
	EndGlobalSection
EndGlobal
